
Microsoft Visual Studio Solution File, Format Version 12.00
# Visual Studio Version 17
VisualStudioVersion = 17.9.34728.123
MinimumVisualStudioVersion = 10.0.40219.1
Project("{FAE04EC0-301F-11D3-BF4B-00C04F79EFBC}") = "Github.Demo", "Github.Demo\Github.Demo.csproj", "{5DBEDB80-C928-4A49-AC5B-1C9C8EB06034}"
EndProject
Global
	GlobalSection(SolutionConfigurationPlatforms) = preSolution
		Debug|Any CPU = Debug|Any CPU
		Release|Any CPU = Release|Any CPU
	EndGlobalSection
	GlobalSection(ProjectConfigurationPlatforms) = postSolution
		{5DBEDB80-C928-4A49-AC5B-1C9C8EB06034}.Debug|Any CPU.ActiveCfg = Debug|Any CPU
		{5DBEDB80-C928-4A49-AC5B-1C9C8EB06034}.Debug|Any CPU.Build.0 = Debug|Any CPU
		{5DBEDB80-C928-4A49-AC5B-1C9C8EB06034}.Release|Any CPU.ActiveCfg = Release|Any CPU
		{5DBEDB80-C928-4A49-AC5B-1C9C8EB06034}.Release|Any CPU.Build.0 = Release|Any CPU
	EndGlobalSection
	GlobalSection(SolutionProperties) = preSolution
		HideSolutionNode = FALSE
	EndGlobalSection
	GlobalSection(ExtensibilityGlobals) = postSolution
		SolutionGuid = {E8AA9884-4A24-445E-B273-E66690E2384F}
	EndGlobalSection
EndGlobal
